
Microsoft Visual Studio Solution File, Format Version 12.00
# Visual Studio Version 17
VisualStudioVersion = 17.7.33920.267
MinimumVisualStudioVersion = 10.0.40219.1
Project("{FAE04EC0-301F-11D3-BF4B-00C04F79EFBC}") = "SygenicTemplateXUnit", "SygenicTemplateXUnit\SygenicTemplateXUnit.csproj", "{26C965E1-D084-4DAA-9F5A-40782CF2C9E5}"
EndProject
Global
	GlobalSection(SolutionConfigurationPlatforms) = preSolution
		Debug|Any CPU = Debug|Any CPU
		Release|Any CPU = Release|Any CPU
	EndGlobalSection
	GlobalSection(ProjectConfigurationPlatforms) = postSolution
		{26C965E1-D084-4DAA-9F5A-40782CF2C9E5}.Debug|Any CPU.ActiveCfg = Debug|Any CPU
		{26C965E1-D084-4DAA-9F5A-40782CF2C9E5}.Debug|Any CPU.Build.0 = Debug|Any CPU
		{26C965E1-D084-4DAA-9F5A-40782CF2C9E5}.Release|Any CPU.ActiveCfg = Release|Any CPU
		{26C965E1-D084-4DAA-9F5A-40782CF2C9E5}.Release|Any CPU.Build.0 = Release|Any CPU
	EndGlobalSection
	GlobalSection(SolutionProperties) = preSolution
		HideSolutionNode = FALSE
	EndGlobalSection
	GlobalSection(ExtensibilityGlobals) = postSolution
		SolutionGuid = {73507AC0-865A-46CC-BD61-9FCBE44D3723}
	EndGlobalSection
EndGlobal
